
Microsoft Visual Studio Solution File, Format Version 12.00
# Visual Studio Version 16
VisualStudioVersion = 16.0.30011.22
MinimumVisualStudioVersion = 10.0.40219.1
Project("{FAE04EC0-301F-11D3-BF4B-00C04F79EFBC}") = "CensusAnalyzerMain", "CensusAnalyzerMain\CensusAnalyzerMain.csproj", "{6B6882A6-58A9-48E4-94F1-957CE940597D}"
EndProject
Project("{FAE04EC0-301F-11D3-BF4B-00C04F79EFBC}") = "CensusAnalyzerTest", "CensusAnalyzerTest\CensusAnalyzerTest.csproj", "{74CB96F7-2513-42CE-82C8-101BC89E47FD}"
EndProject
Global
	GlobalSection(SolutionConfigurationPlatforms) = preSolution
		Debug|Any CPU = Debug|Any CPU
		Release|Any CPU = Release|Any CPU
	EndGlobalSection
	GlobalSection(ProjectConfigurationPlatforms) = postSolution
		{6B6882A6-58A9-48E4-94F1-957CE940597D}.Debug|Any CPU.ActiveCfg = Debug|Any CPU
		{6B6882A6-58A9-48E4-94F1-957CE940597D}.Debug|Any CPU.Build.0 = Debug|Any CPU
		{6B6882A6-58A9-48E4-94F1-957CE940597D}.Release|Any CPU.ActiveCfg = Release|Any CPU
		{6B6882A6-58A9-48E4-94F1-957CE940597D}.Release|Any CPU.Build.0 = Release|Any CPU
		{74CB96F7-2513-42CE-82C8-101BC89E47FD}.Debug|Any CPU.ActiveCfg = Debug|Any CPU
		{74CB96F7-2513-42CE-82C8-101BC89E47FD}.Debug|Any CPU.Build.0 = Debug|Any CPU
		{74CB96F7-2513-42CE-82C8-101BC89E47FD}.Release|Any CPU.ActiveCfg = Release|Any CPU
		{74CB96F7-2513-42CE-82C8-101BC89E47FD}.Release|Any CPU.Build.0 = Release|Any CPU
	EndGlobalSection
	GlobalSection(SolutionProperties) = preSolution
		HideSolutionNode = FALSE
	EndGlobalSection
	GlobalSection(ExtensibilityGlobals) = postSolution
		SolutionGuid = {BD6D4CBD-AA95-446A-A08A-3E84BF90292D}
	EndGlobalSection
EndGlobal
